PODS:
  - MBProgressHUD (0.9.1)
  - ZHNAlertWrapper (0.0.1):
    - MBProgressHUD (~> 0.9)

DEPENDENCIES:
  - ZHNAlertWrapper (from `../`)

EXTERNAL SOURCES:
  ZHNAlertWrapper:
    :path: ../

SPEC CHECKSUMS:
  MBProgressHUD: c47f2c166c126cf2ce36498d80f33e754d4e93ad
  ZHNAlertWrapper: 721c14ab28c2e8c468bda3bea4cf0bc70c3c8899

COCOAPODS: 0.38.2
